// !$*UTF8*$!
{
	archiveVersion = 1;
	classes = {
	};
	objectVersion = 55;
	objects = {

/* Begin PBXBuildFile section */
		A111B5CC2728CD6D00393708 /* AppDelegate.swift in Sources */ = {isa = PBXBuildFile; fileRef = A111B5CB2728CD6D00393708 /* AppDelegate.swift */; };
		A111B5CE2728CD6D00393708 /* SceneDelegate.swift in Sources */ = {isa = PBXBuildFile; fileRef = A111B5CD2728CD6D00393708 /* SceneDelegate.swift */; };
		A111B5D02728CD6D00393708 /* HomeViewController.swift in Sources */ = {isa = PBXBuildFile; fileRef = A111B5CF2728CD6D00393708 /* HomeViewController.swift */; };
		A111B5D32728CD6D00393708 /* Main.storyboard in Resources */ = {isa = PBXBuildFile; fileRef = A111B5D12728CD6D00393708 /* Main.storyboard */; };
		A111B5D52728CD6E00393708 /* Assets.xcassets in Resources */ = {isa = PBXBuildFile; fileRef = A111B5D42728CD6E00393708 /* Assets.xcassets */; };
		A111B5D82728CD6E00393708 /* LaunchScreen.storyboard in Resources */ = {isa = PBXBuildFile; fileRef = A111B5D62728CD6E00393708 /* LaunchScreen.storyboard */; };
		A111B5E52728DE1700393708 /* ExploreViewController.swift in Sources */ = {isa = PBXBuildFile; fileRef = A111B5E42728DE1700393708 /* ExploreViewController.swift */; };
		A111B5E72728DE3D00393708 /* CameraViewController.swift in Sources */ = {isa = PBXBuildFile; fileRef = A111B5E62728DE3D00393708 /* CameraViewController.swift */; };
		A111B5E92728DE5F00393708 /* NotificationsViewController.swift in Sources */ = {isa = PBXBuildFile; fileRef = A111B5E82728DE5F00393708 /* NotificationsViewController.swift */; };
		A111B5EB2728DE7700393708 /* ProfileViewController.swift in Sources */ = {isa = PBXBuildFile; fileRef = A111B5EA2728DE7700393708 /* ProfileViewController.swift */; };
		A111B5F02728DF1C00393708 /* LoginViewController.swift in Sources */ = {isa = PBXBuildFile; fileRef = A111B5EF2728DF1C00393708 /* LoginViewController.swift */; };
		A111B5F22728DF3100393708 /* RegistrationViewController.swift in Sources */ = {isa = PBXBuildFile; fileRef = A111B5F12728DF3100393708 /* RegistrationViewController.swift */; };
		A111B5F42728DF5600393708 /* PostViewController.swift in Sources */ = {isa = PBXBuildFile; fileRef = A111B5F32728DF5600393708 /* PostViewController.swift */; };
		A111B5F62728DF7800393708 /* EiditProfileViewController.swift in Sources */ = {isa = PBXBuildFile; fileRef = A111B5F52728DF7800393708 /* EiditProfileViewController.swift */; };
		A111B5F82728DF8800393708 /* SettingsViewController.swift in Sources */ = {isa = PBXBuildFile; fileRef = A111B5F72728DF8800393708 /* SettingsViewController.swift */; };
		A111B5FA2728DF9B00393708 /* ListViewController.swift in Sources */ = {isa = PBXBuildFile; fileRef = A111B5F92728DF9B00393708 /* ListViewController.swift */; };
		A111B5FC2728DFAC00393708 /* SearchViewController.swift in Sources */ = {isa = PBXBuildFile; fileRef = A111B5FB2728DFAC00393708 /* SearchViewController.swift */; };
		A111B5FE2728DFBC00393708 /* SearchResultViewController.swift in Sources */ = {isa = PBXBuildFile; fileRef = A111B5FD2728DFBC00393708 /* SearchResultViewController.swift */; };
		A111B6002728DFE000393708 /* PostEditorViewController.swift in Sources */ = {isa = PBXBuildFile; fileRef = A111B5FF2728DFE000393708 /* PostEditorViewController.swift */; };
		A111B6022728DFFA00393708 /* PublishPostViewController.swift in Sources */ = {isa = PBXBuildFile; fileRef = A111B6012728DFFA00393708 /* PublishPostViewController.swift */; };
		A1300449273517A20054E1CB /* UserFollowTableViewCell.swift in Sources */ = {isa = PBXBuildFile; fileRef = A1300448273517A20054E1CB /* UserFollowTableViewCell.swift */; };
		A1A2865D272A28C00003128E /* Extensions.swift in Sources */ = {isa = PBXBuildFile; fileRef = A1A2865C272A28C00003128E /* Extensions.swift */; };
		A1CC112C2732C0190089B700 /* FormTableViewCell.swift in Sources */ = {isa = PBXBuildFile; fileRef = A1CC112B2732C0190089B700 /* FormTableViewCell.swift */; };
		A1CC112F2732DA5C0089B700 /* PhotoCollectionViewCell.swift in Sources */ = {isa = PBXBuildFile; fileRef = A1CC112E2732DA5C0089B700 /* PhotoCollectionViewCell.swift */; };
		A1CC11312732DAC40089B700 /* ProfileInfoHeaderCollectionReusableView.swift in Sources */ = {isa = PBXBuildFile; fileRef = A1CC11302732DAC40089B700 /* ProfileInfoHeaderCollectionReusableView.swift */; };
		A1CC11332732DAE10089B700 /* ProfileTabsCollectionReusableView.swift in Sources */ = {isa = PBXBuildFile; fileRef = A1CC11322732DAE10089B700 /* ProfileTabsCollectionReusableView.swift */; };
		A1D87E212730D9A300BB16D5 /* IGFeedPostTableViewCell.swift in Sources */ = {isa = PBXBuildFile; fileRef = A1D87E202730D9A300BB16D5 /* IGFeedPostTableViewCell.swift */; };
		A1D87E242730E06B00BB16D5 /* IGFeedPostHeaderTableViewCell.swift in Sources */ = {isa = PBXBuildFile; fileRef = A1D87E232730E06B00BB16D5 /* IGFeedPostHeaderTableViewCell.swift */; };
		A1D87E262730E08500BB16D5 /* IGFeedPostActionsTableViewCell.swift in Sources */ = {isa = PBXBuildFile; fileRef = A1D87E252730E08500BB16D5 /* IGFeedPostActionsTableViewCell.swift */; };
		A1D87E282730E0A200BB16D5 /* IGFeedPostGeneralTableViewCell.swift in Sources */ = {isa = PBXBuildFile; fileRef = A1D87E272730E0A200BB16D5 /* IGFeedPostGeneralTableViewCell.swift */; };
		A1DF4AFF2728F97400ACFC1E /* GoogleService-Info.plist in Resources */ = {isa = PBXBuildFile; fileRef = A1DF4AFE2728F97400ACFC1E /* GoogleService-Info.plist */; };
		A1DF4B0227290CA200ACFC1E /* DatabaseManager.swift.swift in Sources */ = {isa = PBXBuildFile; fileRef = A1DF4B0127290CA200ACFC1E /* DatabaseManager.swift.swift */; };
		A1DF4B0427290E3300ACFC1E /* AuthManager.swift in Sources */ = {isa = PBXBuildFile; fileRef = A1DF4B0327290E3300ACFC1E /* AuthManager.swift */; };
		A1DF4B06272910CC00ACFC1E /* StorageManager.swift in Sources */ = {isa = PBXBuildFile; fileRef = A1DF4B05272910CC00ACFC1E /* StorageManager.swift */; };
		A1F109CC273406C00097B821 /* Models.swift in Sources */ = {isa = PBXBuildFile; fileRef = A1F109CB273406C00097B821 /* Models.swift */; };
		CECBF53D3F9EC4BA29B39524 /* Pods_instagram.framework in Frameworks */ = {isa = PBXBuildFile; fileRef = 385ED83F9CBAB9E71CE56B79 /* Pods_instagram.framework */; };
/* End PBXBuildFile section */

/* Begin PBXFileReference section */
		041FD4737D5B78F170606721 /* Pods-instagram.debug.xcconfig */ = {isa = PBXFileReference; includeInIndex = 1; lastKnownFileType = text.xcconfig; name = "Pods-instagram.debug.xcconfig"; path = "Target Support Files/Pods-instagram/Pods-instagram.debug.xcconfig"; sourceTree = "<group>"; };
		385ED83F9CBAB9E71CE56B79 /* Pods_instagram.framework */ = {isa = PBXFileReference; explicitFileType = wrapper.framework; includeInIndex = 0; path = Pods_instagram.framework; sourceTree = BUILT_PRODUCTS_DIR; };
		3DBD663C7E875F4BDF7BDCD5 /* Pods-instagram.release.xcconfig */ = {isa = PBXFileReference; includeInIndex = 1; lastKnownFileType = text.xcconfig; name = "Pods-instagram.release.xcconfig"; path = "Target Support Files/Pods-instagram/Pods-instagram.release.xcconfig"; sourceTree = "<group>"; };
		A111B5C82728CD6D00393708 /* instagram.app */ = {isa = PBXFileReference; explicitFileType = wrapper.application; includeInIndex = 0; path = instagram.app; sourceTree = BUILT_PRODUCTS_DIR; };
		A111B5CB2728CD6D00393708 /* AppDelegate.swift */ = {isa = PBXFileReference; lastKnownFileType = sourcecode.swift; path = AppDelegate.swift; sourceTree = "<group>"; };
		A111B5CD2728CD6D00393708 /* SceneDelegate.swift */ = {isa = PBXFileReference; lastKnownFileType = sourcecode.swift; path = SceneDelegate.swift; sourceTree = "<group>"; };
		A111B5CF2728CD6D00393708 /* HomeViewController.swift */ = {isa = PBXFileReference; lastKnownFileType = sourcecode.swift; path = HomeViewController.swift; sourceTree = "<group>"; };
		A111B5D22728CD6D00393708 /* Base */ = {isa = PBXFileReference; lastKnownFileType = file.storyboard; name = Base; path = Base.lproj/Main.storyboard; sourceTree = "<group>"; };
		A111B5D42728CD6E00393708 /* Assets.xcassets */ = {isa = PBXFileReference; lastKnownFileType = folder.assetcatalog; path = Assets.xcassets; sourceTree = "<group>"; };
		A111B5D72728CD6E00393708 /* Base */ = {isa = PBXFileReference; lastKnownFileType = file.storyboard; name = Base; path = Base.lproj/LaunchScreen.storyboard; sourceTree = "<group>"; };
		A111B5D92728CD6E00393708 /* Info.plist */ = {isa = PBXFileReference; lastKnownFileType = text.plist.xml; path = Info.plist; sourceTree = "<group>"; };
		A111B5E42728DE1700393708 /* ExploreViewController.swift */ = {isa = PBXFileReference; lastKnownFileType = sourcecode.swift; path = ExploreViewController.swift; sourceTree = "<group>"; };
		A111B5E62728DE3D00393708 /* CameraViewController.swift */ = {isa = PBXFileReference; lastKnownFileType = sourcecode.swift; path = CameraViewController.swift; sourceTree = "<group>"; };
		A111B5E82728DE5F00393708 /* NotificationsViewController.swift */ = {isa = PBXFileReference; lastKnownFileType = sourcecode.swift; path = NotificationsViewController.swift; sourceTree = "<group>"; };
		A111B5EA2728DE7700393708 /* ProfileViewController.swift */ = {isa = PBXFileReference; lastKnownFileType = sourcecode.swift; path = ProfileViewController.swift; sourceTree = "<group>"; };
		A111B5EF2728DF1C00393708 /* LoginViewController.swift */ = {isa = PBXFileReference; lastKnownFileType = sourcecode.swift; path = LoginViewController.swift; sourceTree = "<group>"; };
		A111B5F12728DF3100393708 /* RegistrationViewController.swift */ = {isa = PBXFileReference; lastKnownFileType = sourcecode.swift; path = RegistrationViewController.swift; sourceTree = "<group>"; };
		A111B5F32728DF5600393708 /* PostViewController.swift */ = {isa = PBXFileReference; lastKnownFileType = sourcecode.swift; path = PostViewController.swift; sourceTree = "<group>"; };
		A111B5F52728DF7800393708 /* EiditProfileViewController.swift */ = {isa = PBXFileReference; lastKnownFileType = sourcecode.swift; path = EiditProfileViewController.swift; sourceTree = "<group>"; };
		A111B5F72728DF8800393708 /* SettingsViewController.swift */ = {isa = PBXFileReference; lastKnownFileType = sourcecode.swift; path = SettingsViewController.swift; sourceTree = "<group>"; };
		A111B5F92728DF9B00393708 /* ListViewController.swift */ = {isa = PBXFileReference; lastKnownFileType = sourcecode.swift; path = ListViewController.swift; sourceTree = "<group>"; };
		A111B5FB2728DFAC00393708 /* SearchViewController.swift */ = {isa = PBXFileReference; lastKnownFileType = sourcecode.swift; path = SearchViewController.swift; sourceTree = "<group>"; };
		A111B5FD2728DFBC00393708 /* SearchResultViewController.swift */ = {isa = PBXFileReference; lastKnownFileType = sourcecode.swift; path = SearchResultViewController.swift; sourceTree = "<group>"; };
		A111B5FF2728DFE000393708 /* PostEditorViewController.swift */ = {isa = PBXFileReference; lastKnownFileType = sourcecode.swift; path = PostEditorViewController.swift; sourceTree = "<group>"; };
		A111B6012728DFFA00393708 /* PublishPostViewController.swift */ = {isa = PBXFileReference; lastKnownFileType = sourcecode.swift; path = PublishPostViewController.swift; sourceTree = "<group>"; };
		A1300448273517A20054E1CB /* UserFollowTableViewCell.swift */ = {isa = PBXFileReference; lastKnownFileType = sourcecode.swift; path = UserFollowTableViewCell.swift; sourceTree = "<group>"; };
		A1A2865C272A28C00003128E /* Extensions.swift */ = {isa = PBXFileReference; lastKnownFileType = sourcecode.swift; path = Extensions.swift; sourceTree = "<group>"; };
		A1CC112B2732C0190089B700 /* FormTableViewCell.swift */ = {isa = PBXFileReference; lastKnownFileType = sourcecode.swift; path = FormTableViewCell.swift; sourceTree = "<group>"; };
		A1CC112E2732DA5C0089B700 /* PhotoCollectionViewCell.swift */ = {isa = PBXFileReference; lastKnownFileType = sourcecode.swift; path = PhotoCollectionViewCell.swift; sourceTree = "<group>"; };
		A1CC11302732DAC40089B700 /* ProfileInfoHeaderCollectionReusableView.swift */ = {isa = PBXFileReference; lastKnownFileType = sourcecode.swift; path = ProfileInfoHeaderCollectionReusableView.swift; sourceTree = "<group>"; };
		A1CC11322732DAE10089B700 /* ProfileTabsCollectionReusableView.swift */ = {isa = PBXFileReference; lastKnownFileType = sourcecode.swift; path = ProfileTabsCollectionReusableView.swift; sourceTree = "<group>"; };
		A1D87E202730D9A300BB16D5 /* IGFeedPostTableViewCell.swift */ = {isa = PBXFileReference; lastKnownFileType = sourcecode.swift; path = IGFeedPostTableViewCell.swift; sourceTree = "<group>"; };
		A1D87E232730E06B00BB16D5 /* IGFeedPostHeaderTableViewCell.swift */ = {isa = PBXFileReference; lastKnownFileType = sourcecode.swift; path = IGFeedPostHeaderTableViewCell.swift; sourceTree = "<group>"; };
		A1D87E252730E08500BB16D5 /* IGFeedPostActionsTableViewCell.swift */ = {isa = PBXFileReference; lastKnownFileType = sourcecode.swift; path = IGFeedPostActionsTableViewCell.swift; sourceTree = "<group>"; };
		A1D87E272730E0A200BB16D5 /* IGFeedPostGeneralTableViewCell.swift */ = {isa = PBXFileReference; lastKnownFileType = sourcecode.swift; path = IGFeedPostGeneralTableViewCell.swift; sourceTree = "<group>"; };
		A1DF4AFE2728F97400ACFC1E /* GoogleService-Info.plist */ = {isa = PBXFileReference; fileEncoding = 4; lastKnownFileType = text.plist.xml; path = "GoogleService-Info.plist"; sourceTree = "<group>"; };
		A1DF4B0127290CA200ACFC1E /* DatabaseManager.swift.swift */ = {isa = PBXFileReference; lastKnownFileType = sourcecode.swift; path = DatabaseManager.swift.swift; sourceTree = "<group>"; };
		A1DF4B0327290E3300ACFC1E /* AuthManager.swift */ = {isa = PBXFileReference; lastKnownFileType = sourcecode.swift; path = AuthManager.swift; sourceTree = "<group>"; };
		A1DF4B05272910CC00ACFC1E /* StorageManager.swift */ = {isa = PBXFileReference; lastKnownFileType = sourcecode.swift; path = StorageManager.swift; sourceTree = "<group>"; };
		A1F109CB273406C00097B821 /* Models.swift */ = {isa = PBXFileReference; lastKnownFileType = sourcecode.swift; path = Models.swift; sourceTree = "<group>"; };
/* End PBXFileReference section */

/* Begin PBXFrameworksBuildPhase section */
		A111B5C52728CD6D00393708 /* Frameworks */ = {
			isa = PBXFrameworksBuildPhase;
			buildActionMask = 2147483647;
			files = (
				CECBF53D3F9EC4BA29B39524 /* Pods_instagram.framework in Frameworks */,
			);
			runOnlyForDeploymentPostprocessing = 0;
		};
/* End PBXFrameworksBuildPhase section */

/* Begin PBXGroup section */
		A111B5BF2728CD6D00393708 = {
			isa = PBXGroup;
			children = (
				A111B5CA2728CD6D00393708 /* instagram */,
				A111B5C92728CD6D00393708 /* Products */,
				ADB1244CA6232BB0490D5E4B /* Pods */,
				C26C1DE82FDD1B3A89AD0B6B /* Frameworks */,
			);
			sourceTree = "<group>";
		};
		A111B5C92728CD6D00393708 /* Products */ = {
			isa = PBXGroup;
			children = (
				A111B5C82728CD6D00393708 /* instagram.app */,
			);
			name = Products;
			sourceTree = "<group>";
		};
		A111B5CA2728CD6D00393708 /* instagram */ = {
			isa = PBXGroup;
			children = (
				A111B5E22728DD5500393708 /* Resources */,
				A111B5E12728DD4400393708 /* Models */,
				A111B5E02728DD3D00393708 /* Views */,
				A111B5DF2728DD2800393708 /* Controllers */,
				A111B5D92728CD6E00393708 /* Info.plist */,
			);
			path = instagram;
			sourceTree = "<group>";
		};
		A111B5DF2728DD2800393708 /* Controllers */ = {
			isa = PBXGroup;
			children = (
				A111B5ED2728DEEF00393708 /* Other */,
				A111B5EC2728DE8F00393708 /* Core Tabs */,
			);
			path = Controllers;
			sourceTree = "<group>";
		};
		A111B5E02728DD3D00393708 /* Views */ = {
			isa = PBXGroup;
			children = (
				A1CC112D2732D61D0089B700 /* CollectionView Headers */,
				A1D87E1F2730D97D00BB16D5 /* Cells */,
				A111B5D12728CD6D00393708 /* Main.storyboard */,
				A111B5E32728DDAD00393708 /* Storyboards */,
			);
			path = Views;
			sourceTree = "<group>";
		};
		A111B5E12728DD4400393708 /* Models */ = {
			isa = PBXGroup;
			children = (
				A1F109CB273406C00097B821 /* Models.swift */,
			);
			path = Models;
			sourceTree = "<group>";
		};
		A111B5E22728DD5500393708 /* Resources */ = {
			isa = PBXGroup;
			children = (
				A1DF4AFE2728F97400ACFC1E /* GoogleService-Info.plist */,
				A111B5CB2728CD6D00393708 /* AppDelegate.swift */,
				A111B5CD2728CD6D00393708 /* SceneDelegate.swift */,
				A1DF4B0127290CA200ACFC1E /* DatabaseManager.swift.swift */,
				A1DF4B0327290E3300ACFC1E /* AuthManager.swift */,
				A1DF4B05272910CC00ACFC1E /* StorageManager.swift */,
				A1A2865C272A28C00003128E /* Extensions.swift */,
			);
			path = Resources;
			sourceTree = "<group>";
		};
		A111B5E32728DDAD00393708 /* Storyboards */ = {
			isa = PBXGroup;
			children = (
				A111B5D42728CD6E00393708 /* Assets.xcassets */,
				A111B5D62728CD6E00393708 /* LaunchScreen.storyboard */,
			);
			path = Storyboards;
			sourceTree = "<group>";
		};
		A111B5EC2728DE8F00393708 /* Core Tabs */ = {
			isa = PBXGroup;
			children = (
				A111B5CF2728CD6D00393708 /* HomeViewController.swift */,
				A111B5E42728DE1700393708 /* ExploreViewController.swift */,
				A111B5E62728DE3D00393708 /* CameraViewController.swift */,
				A111B5E82728DE5F00393708 /* NotificationsViewController.swift */,
				A111B5EA2728DE7700393708 /* ProfileViewController.swift */,
			);
			path = "Core Tabs";
			sourceTree = "<group>";
		};
		A111B5ED2728DEEF00393708 /* Other */ = {
			isa = PBXGroup;
			children = (
				A111B5EE2728DEFB00393708 /* Onboarding */,
				A1DF4B002728FE1D00ACFC1E /* General */,
			);
			path = Other;
			sourceTree = "<group>";
		};
		A111B5EE2728DEFB00393708 /* Onboarding */ = {
			isa = PBXGroup;
			children = (
				A111B5EF2728DF1C00393708 /* LoginViewController.swift */,
				A111B5F12728DF3100393708 /* RegistrationViewController.swift */,
			);
			path = Onboarding;
			sourceTree = "<group>";
		};
		A1CC112D2732D61D0089B700 /* CollectionView Headers */ = {
			isa = PBXGroup;
			children = (
				A1CC11302732DAC40089B700 /* ProfileInfoHeaderCollectionReusableView.swift */,
				A1CC11322732DAE10089B700 /* ProfileTabsCollectionReusableView.swift */,
			);
			path = "CollectionView Headers";
			sourceTree = "<group>";
		};
		A1D87E1F2730D97D00BB16D5 /* Cells */ = {
			isa = PBXGroup;
			children = (
				A1D87E222730E04100BB16D5 /* Home Feed */,
				A1CC112B2732C0190089B700 /* FormTableViewCell.swift */,
				A1CC112E2732DA5C0089B700 /* PhotoCollectionViewCell.swift */,
				A1300448273517A20054E1CB /* UserFollowTableViewCell.swift */,
			);
			path = Cells;
			sourceTree = "<group>";
		};
		A1D87E222730E04100BB16D5 /* Home Feed */ = {
			isa = PBXGroup;
			children = (
				A1D87E202730D9A300BB16D5 /* IGFeedPostTableViewCell.swift */,
				A1D87E232730E06B00BB16D5 /* IGFeedPostHeaderTableViewCell.swift */,
				A1D87E252730E08500BB16D5 /* IGFeedPostActionsTableViewCell.swift */,
				A1D87E272730E0A200BB16D5 /* IGFeedPostGeneralTableViewCell.swift */,
			);
			path = "Home Feed";
			sourceTree = "<group>";
		};
		A1DF4B002728FE1D00ACFC1E /* General */ = {
			isa = PBXGroup;
			children = (
				A111B5F72728DF8800393708 /* SettingsViewController.swift */,
				A111B5F32728DF5600393708 /* PostViewController.swift */,
				A111B5F52728DF7800393708 /* EiditProfileViewController.swift */,
				A111B5F92728DF9B00393708 /* ListViewController.swift */,
				A111B5FB2728DFAC00393708 /* SearchViewController.swift */,
				A111B5FD2728DFBC00393708 /* SearchResultViewController.swift */,
				A111B5FF2728DFE000393708 /* PostEditorViewController.swift */,
				A111B6012728DFFA00393708 /* PublishPostViewController.swift */,
			);
			path = General;
			sourceTree = "<group>";
		};
		ADB1244CA6232BB0490D5E4B /* Pods */ = {
			isa = PBXGroup;
			children = (
				041FD4737D5B78F170606721 /* Pods-instagram.debug.xcconfig */,
				3DBD663C7E875F4BDF7BDCD5 /* Pods-instagram.release.xcconfig */,
			);
			path = Pods;
			sourceTree = "<group>";
		};
		C26C1DE82FDD1B3A89AD0B6B /* Frameworks */ = {
			isa = PBXGroup;
			children = (
				385ED83F9CBAB9E71CE56B79 /* Pods_instagram.framework */,
			);
			name = Frameworks;
			sourceTree = "<group>";
		};
/* End PBXGroup section */

/* Begin PBXNativeTarget section */
		A111B5C72728CD6D00393708 /* instagram */ = {
			isa = PBXNativeTarget;
			buildConfigurationList = A111B5DC2728CD6E00393708 /* Build configuration list for PBXNativeTarget "instagram" */;
			buildPhases = (
				15640FCC8D2B65AF780D71D9 /* [CP] Check Pods Manifest.lock */,
				A111B5C42728CD6D00393708 /* Sources */,
				A111B5C52728CD6D00393708 /* Frameworks */,
				A111B5C62728CD6D00393708 /* Resources */,
				5E6BB5955841D993B15F2F49 /* [CP] Embed Pods Frameworks */,
			);
			buildRules = (
			);
			dependencies = (
			);
			name = instagram;
			productName = instagram;
			productReference = A111B5C82728CD6D00393708 /* instagram.app */;
			productType = "com.apple.product-type.application";
		};
/* End PBXNativeTarget section */

/* Begin PBXProject section */
		A111B5C02728CD6D00393708 /* Project object */ = {
			isa = PBXProject;
			attributes = {
				BuildIndependentTargetsInParallel = 1;
				LastSwiftUpdateCheck = 1300;
				LastUpgradeCheck = 1300;
				TargetAttributes = {
					A111B5C72728CD6D00393708 = {
						CreatedOnToolsVersion = 13.0;
					};
				};
			};
			buildConfigurationList = A111B5C32728CD6D00393708 /* Build configuration list for PBXProject "instagram" */;
			compatibilityVersion = "Xcode 13.0";
			developmentRegion = en;
			hasScannedForEncodings = 0;
			knownRegions = (
				en,
				Base,
			);
			mainGroup = A111B5BF2728CD6D00393708;
			productRefGroup = A111B5C92728CD6D00393708 /* Products */;
			projectDirPath = "";
			projectRoot = "";
			targets = (
				A111B5C72728CD6D00393708 /* instagram */,
			);
		};
/* End PBXProject section */

/* Begin PBXResourcesBuildPhase section */
		A111B5C62728CD6D00393708 /* Resources */ = {
			isa = PBXResourcesBuildPhase;
			buildActionMask = 2147483647;
			files = (
				A111B5D82728CD6E00393708 /* LaunchScreen.storyboard in Resources */,
				A1DF4AFF2728F97400ACFC1E /* GoogleService-Info.plist in Resources */,
				A111B5D52728CD6E00393708 /* Assets.xcassets in Resources */,
				A111B5D32728CD6D00393708 /* Main.storyboard in Resources */,
			);
			runOnlyForDeploymentPostprocessing = 0;
		};
/* End PBXResourcesBuildPhase section */

/* Begin PBXShellScriptBuildPhase section */
		15640FCC8D2B65AF780D71D9 /* [CP] Check Pods Manifest.lock */ = {
			isa = PBXShellScriptBuildPhase;
			buildActionMask = 2147483647;
			files = (
			);
			inputFileListPaths = (
			);
			inputPaths = (
				"${PODS_PODFILE_DIR_PATH}/Podfile.lock",
				"${PODS_ROOT}/Manifest.lock",
			);
			name = "[CP] Check Pods Manifest.lock";
			outputFileListPaths = (
			);
			outputPaths = (
				"$(DERIVED_FILE_DIR)/Pods-instagram-checkManifestLockResult.txt",
			);
			runOnlyForDeploymentPostprocessing = 0;
			shellPath = /bin/sh;
			shellScript = "diff \"${PODS_PODFILE_DIR_PATH}/Podfile.lock\" \"${PODS_ROOT}/Manifest.lock\" > /dev/null\nif [ $? != 0 ] ; then\n    # print error to STDERR\n    echo \"error: The sandbox is not in sync with the Podfile.lock. Run 'pod install' or update your CocoaPods installation.\" >&2\n    exit 1\nfi\n# This output is used by Xcode 'outputs' to avoid re-running this script phase.\necho \"SUCCESS\" > \"${SCRIPT_OUTPUT_FILE_0}\"\n";
			showEnvVarsInLog = 0;
		};
		5E6BB5955841D993B15F2F49 /* [CP] Embed Pods Frameworks */ = {
			isa = PBXShellScriptBuildPhase;
			buildActionMask = 2147483647;
			files = (
			);
			inputFileListPaths = (
				"${PODS_ROOT}/Target Support Files/Pods-instagram/Pods-instagram-frameworks-${CONFIGURATION}-input-files.xcfilelist",
			);
			name = "[CP] Embed Pods Frameworks";
			outputFileListPaths = (
				"${PODS_ROOT}/Target Support Files/Pods-instagram/Pods-instagram-frameworks-${CONFIGURATION}-output-files.xcfilelist",
			);
			runOnlyForDeploymentPostprocessing = 0;
			shellPath = /bin/sh;
			shellScript = "\"${PODS_ROOT}/Target Support Files/Pods-instagram/Pods-instagram-frameworks.sh\"\n";
			showEnvVarsInLog = 0;
		};
/* End PBXShellScriptBuildPhase section */

/* Begin PBXSourcesBuildPhase section */
		A111B5C42728CD6D00393708 /* Sources */ = {
			isa = PBXSourcesBuildPhase;
			buildActionMask = 2147483647;
			files = (
				A111B5E52728DE1700393708 /* ExploreViewController.swift in Sources */,
				A111B5E72728DE3D00393708 /* CameraViewController.swift in Sources */,
				A111B6022728DFFA00393708 /* PublishPostViewController.swift in Sources */,
				A111B5D02728CD6D00393708 /* HomeViewController.swift in Sources */,
				A111B5F22728DF3100393708 /* RegistrationViewController.swift in Sources */,
				A1DF4B0227290CA200ACFC1E /* DatabaseManager.swift.swift in Sources */,
				A1D87E242730E06B00BB16D5 /* IGFeedPostHeaderTableViewCell.swift in Sources */,
				A111B5F42728DF5600393708 /* PostViewController.swift in Sources */,
				A111B6002728DFE000393708 /* PostEditorViewController.swift in Sources */,
				A1300449273517A20054E1CB /* UserFollowTableViewCell.swift in Sources */,
				A1F109CC273406C00097B821 /* Models.swift in Sources */,
				A1CC112C2732C0190089B700 /* FormTableViewCell.swift in Sources */,
				A111B5E92728DE5F00393708 /* NotificationsViewController.swift in Sources */,
				A1CC11332732DAE10089B700 /* ProfileTabsCollectionReusableView.swift in Sources */,
				A111B5F02728DF1C00393708 /* LoginViewController.swift in Sources */,
				A111B5FE2728DFBC00393708 /* SearchResultViewController.swift in Sources */,
				A1D87E212730D9A300BB16D5 /* IGFeedPostTableViewCell.swift in Sources */,
				A1CC112F2732DA5C0089B700 /* PhotoCollectionViewCell.swift in Sources */,
				A111B5F62728DF7800393708 /* EiditProfileViewController.swift in Sources */,
				A111B5FC2728DFAC00393708 /* SearchViewController.swift in Sources */,
				A1A2865D272A28C00003128E /* Extensions.swift in Sources */,
				A1D87E282730E0A200BB16D5 /* IGFeedPostGeneralTableViewCell.swift in Sources */,
				A111B5EB2728DE7700393708 /* ProfileViewController.swift in Sources */,
				A1CC11312732DAC40089B700 /* ProfileInfoHeaderCollectionReusableView.swift in Sources */,
				A1DF4B0427290E3300ACFC1E /* AuthManager.swift in Sources */,
				A111B5CC2728CD6D00393708 /* AppDelegate.swift in Sources */,
				A111B5CE2728CD6D00393708 /* SceneDelegate.swift in Sources */,
				A1DF4B06272910CC00ACFC1E /* StorageManager.swift in Sources */,
				A1D87E262730E08500BB16D5 /* IGFeedPostActionsTableViewCell.swift in Sources */,
				A111B5FA2728DF9B00393708 /* ListViewController.swift in Sources */,
				A111B5F82728DF8800393708 /* SettingsViewController.swift in Sources */,
			);
			runOnlyForDeploymentPostprocessing = 0;
		};
/* End PBXSourcesBuildPhase section */

/* Begin PBXVariantGroup section */
		A111B5D12728CD6D00393708 /* Main.storyboard */ = {
			isa = PBXVariantGroup;
			children = (
				A111B5D22728CD6D00393708 /* Base */,
			);
			name = Main.storyboard;
			sourceTree = "<group>";
		};
		A111B5D62728CD6E00393708 /* LaunchScreen.storyboard */ = {
			isa = PBXVariantGroup;
			children = (
				A111B5D72728CD6E00393708 /* Base */,
			);
			name = LaunchScreen.storyboard;
			sourceTree = "<group>";
		};
/* End PBXVariantGroup section */

/* Begin XCBuildConfiguration section */
		A111B5DA2728CD6E00393708 /* Debug */ = {
			isa = XCBuildConfiguration;
			buildSettings = {
				ALWAYS_SEARCH_USER_PATHS = NO;
				CLANG_ANALYZER_NONNULL = YES;
				CLANG_ANALYZER_NUMBER_OBJECT_CONVERSION = YES_AGGRESSIVE;
				CLANG_CXX_LANGUAGE_STANDARD = "gnu++17";
				CLANG_CXX_LIBRARY = "libc++";
				CLANG_ENABLE_MODULES = YES;
				CLANG_ENABLE_OBJC_ARC = YES;
				CLANG_ENABLE_OBJC_WEAK = YES;
				CLANG_WARN_BLOCK_CAPTURE_AUTORELEASING = YES;
				CLANG_WARN_BOOL_CONVERSION = YES;
				CLANG_WARN_COMMA = YES;
				CLANG_WARN_CONSTANT_CONVERSION = YES;
				CLANG_WARN_DEPRECATED_OBJC_IMPLEMENTATIONS = YES;
				CLANG_WARN_DIRECT_OBJC_ISA_USAGE = YES_ERROR;
				CLANG_WARN_DOCUMENTATION_COMMENTS = YES;
				CLANG_WARN_EMPTY_BODY = YES;
				CLANG_WARN_ENUM_CONVERSION = YES;
				CLANG_WARN_INFINITE_RECURSION = YES;
				CLANG_WARN_INT_CONVERSION = YES;
				CLANG_WARN_NON_LITERAL_NULL_CONVERSION = YES;
				CLANG_WARN_OBJC_IMPLICIT_RETAIN_SELF = YES;
				CLANG_WARN_OBJC_LITERAL_CONVERSION = YES;
				CLANG_WARN_OBJC_ROOT_CLASS = YES_ERROR;
				CLANG_WARN_QUOTED_INCLUDE_IN_FRAMEWORK_HEADER = YES;
				CLANG_WARN_RANGE_LOOP_ANALYSIS = YES;
				CLANG_WARN_STRICT_PROTOTYPES = YES;
				CLANG_WARN_SUSPICIOUS_MOVE = YES;
				CLANG_WARN_UNGUARDED_AVAILABILITY = YES_AGGRESSIVE;
				CLANG_WARN_UNREACHABLE_CODE = YES;
				CLANG_WARN__DUPLICATE_METHOD_MATCH = YES;
				COPY_PHASE_STRIP = NO;
				DEBUG_INFORMATION_FORMAT = dwarf;
				ENABLE_STRICT_OBJC_MSGSEND = YES;
				ENABLE_TESTABILITY = YES;
				GCC_C_LANGUAGE_STANDARD = gnu11;
				GCC_DYNAMIC_NO_PIC = NO;
				GCC_NO_COMMON_BLOCKS = YES;
				GCC_OPTIMIZATION_LEVEL = 0;
				GCC_PREPROCESSOR_DEFINITIONS = (
					"DEBUG=1",
					"$(inherited)",
				);
				GCC_WARN_64_TO_32_BIT_CONVERSION = YES;
				GCC_WARN_ABOUT_RETURN_TYPE = YES_ERROR;
				GCC_WARN_UNDECLARED_SELECTOR = YES;
				GCC_WARN_UNINITIALIZED_AUTOS = YES_AGGRESSIVE;
				GCC_WARN_UNUSED_FUNCTION = YES;
				GCC_WARN_UNUSED_VARIABLE = YES;
				IPHONEOS_DEPLOYMENT_TARGET = 15.0;
				MTL_ENABLE_DEBUG_INFO = INCLUDE_SOURCE;
				MTL_FAST_MATH = YES;
				ONLY_ACTIVE_ARCH = YES;
				SDKROOT = iphoneos;
				SWIFT_ACTIVE_COMPILATION_CONDITIONS = DEBUG;
				SWIFT_OPTIMIZATION_LEVEL = "-Onone";
			};
			name = Debug;
		};
		A111B5DB2728CD6E00393708 /* Release */ = {
			isa = XCBuildConfiguration;
			buildSettings = {
				ALWAYS_SEARCH_USER_PATHS = NO;
				CLANG_ANALYZER_NONNULL = YES;
				CLANG_ANALYZER_NUMBER_OBJECT_CONVERSION = YES_AGGRESSIVE;
				CLANG_CXX_LANGUAGE_STANDARD = "gnu++17";
				CLANG_CXX_LIBRARY = "libc++";
				CLANG_ENABLE_MODULES = YES;
				CLANG_ENABLE_OBJC_ARC = YES;
				CLANG_ENABLE_OBJC_WEAK = YES;
				CLANG_WARN_BLOCK_CAPTURE_AUTORELEASING = YES;
				CLANG_WARN_BOOL_CONVERSION = YES;
				CLANG_WARN_COMMA = YES;
				CLANG_WARN_CONSTANT_CONVERSION = YES;
				CLANG_WARN_DEPRECATED_OBJC_IMPLEMENTATIONS = YES;
				CLANG_WARN_DIRECT_OBJC_ISA_USAGE = YES_ERROR;
				CLANG_WARN_DOCUMENTATION_COMMENTS = YES;
				CLANG_WARN_EMPTY_BODY = YES;
				CLANG_WARN_ENUM_CONVERSION = YES;
				CLANG_WARN_INFINITE_RECURSION = YES;
				CLANG_WARN_INT_CONVERSION = YES;
				CLANG_WARN_NON_LITERAL_NULL_CONVERSION = YES;
				CLANG_WARN_OBJC_IMPLICIT_RETAIN_SELF = YES;
				CLANG_WARN_OBJC_LITERAL_CONVERSION = YES;
				CLANG_WARN_OBJC_ROOT_CLASS = YES_ERROR;
				CLANG_WARN_QUOTED_INCLUDE_IN_FRAMEWORK_HEADER = YES;
				CLANG_WARN_RANGE_LOOP_ANALYSIS = YES;
				CLANG_WARN_STRICT_PROTOTYPES = YES;
				CLANG_WARN_SUSPICIOUS_MOVE = YES;
				CLANG_WARN_UNGUARDED_AVAILABILITY = YES_AGGRESSIVE;
				CLANG_WARN_UNREACHABLE_CODE = YES;
				CLANG_WARN__DUPLICATE_METHOD_MATCH = YES;
				COPY_PHASE_STRIP = NO;
				DEBUG_INFORMATION_FORMAT = "dwarf-with-dsym";
				ENABLE_NS_ASSERTIONS = NO;
				ENABLE_STRICT_OBJC_MSGSEND = YES;
				GCC_C_LANGUAGE_STANDARD = gnu11;
				GCC_NO_COMMON_BLOCKS = YES;
				GCC_WARN_64_TO_32_BIT_CONVERSION = YES;
				GCC_WARN_ABOUT_RETURN_TYPE = YES_ERROR;
				GCC_WARN_UNDECLARED_SELECTOR = YES;
				GCC_WARN_UNINITIALIZED_AUTOS = YES_AGGRESSIVE;
				GCC_WARN_UNUSED_FUNCTION = YES;
				GCC_WARN_UNUSED_VARIABLE = YES;
				IPHONEOS_DEPLOYMENT_TARGET = 15.0;
				MTL_ENABLE_DEBUG_INFO = NO;
				MTL_FAST_MATH = YES;
				SDKROOT = iphoneos;
				SWIFT_COMPILATION_MODE = wholemodule;
				SWIFT_OPTIMIZATION_LEVEL = "-O";
				VALIDATE_PRODUCT = YES;
			};
			name = Release;
		};
		A111B5DD2728CD6E00393708 /* Debug */ = {
			isa = XCBuildConfiguration;
			baseConfigurationReference = 041FD4737D5B78F170606721 /* Pods-instagram.debug.xcconfig */;
			buildSettings = {
				ASSETCATALOG_COMPILER_APPICON_NAME = AppIcon;
				ASSETCATALOG_COMPILER_GLOBAL_ACCENT_COLOR_NAME = AccentColor;
				CODE_SIGN_STYLE = Automatic;
				CURRENT_PROJECT_VERSION = 1;
				DEVELOPMENT_TEAM = 2Z9N6W59ZG;
				GENERATE_INFOPLIST_FILE = YES;
				INFOPLIST_FILE = instagram/Info.plist;
				INFOPLIST_KEY_UIApplicationSupportsIndirectInputEvents = YES;
				INFOPLIST_KEY_UILaunchStoryboardName = LaunchScreen;
				INFOPLIST_KEY_UIMainStoryboardFile = Main;
				INFOPLIST_KEY_UIRequiresFullScreen = NO;
				INFOPLIST_KEY_UISupportedInterfaceOrientations = UIInterfaceOrientationPortrait;
				INFOPLIST_KEY_UISupportedInterfaceOrientations_iPad = "UIInterfaceOrientationPortrait UIInterfaceOrientationPortraitUpsideDown UIInterfaceOrientationLandscapeLeft UIInterfaceOrientationLandscapeRight";
				INFOPLIST_KEY_UISupportedInterfaceOrientations_iPhone = "UIInterfaceOrientationPortrait UIInterfaceOrientationLandscapeLeft UIInterfaceOrientationLandscapeRight";
				IPHONEOS_DEPLOYMENT_TARGET = 15.0;
				LD_RUNPATH_SEARCH_PATHS = (
					"$(inherited)",
					"@executable_path/Frameworks",
				);
				MARKETING_VERSION = 1.0;
				PRODUCT_BUNDLE_IDENTIFIER = Mies.instagram;
				PRODUCT_NAME = "$(TARGET_NAME)";
				SWIFT_EMIT_LOC_STRINGS = YES;
				SWIFT_VERSION = 5.0;
				TARGETED_DEVICE_FAMILY = "1,2";
			};
			name = Debug;
		};
		A111B5DE2728CD6E00393708 /* Release */ = {
			isa = XCBuildConfiguration;
			baseConfigurationReference = 3DBD663C7E875F4BDF7BDCD5 /* Pods-instagram.release.xcconfig */;
			buildSettings = {
				ASSETCATALOG_COMPILER_APPICON_NAME = AppIcon;
				ASSETCATALOG_COMPILER_GLOBAL_ACCENT_COLOR_NAME = AccentColor;
				CODE_SIGN_STYLE = Automatic;
				CURRENT_PROJECT_VERSION = 1;
				DEVELOPMENT_TEAM = 2Z9N6W59ZG;
				GENERATE_INFOPLIST_FILE = YES;
				INFOPLIST_FILE = instagram/Info.plist;
				INFOPLIST_KEY_UIApplicationSupportsIndirectInputEvents = YES;
				INFOPLIST_KEY_UILaunchStoryboardName = LaunchScreen;
				INFOPLIST_KEY_UIMainStoryboardFile = Main;
				INFOPLIST_KEY_UIRequiresFullScreen = NO;
				INFOPLIST_KEY_UISupportedInterfaceOrientations = UIInterfaceOrientationPortrait;
				INFOPLIST_KEY_UISupportedInterfaceOrientations_iPad = "UIInterfaceOrientationPortrait UIInterfaceOrientationPortraitUpsideDown UIInterfaceOrientationLandscapeLeft UIInterfaceOrientationLandscapeRight";
				INFOPLIST_KEY_UISupportedInterfaceOrientations_iPhone = "UIInterfaceOrientationPortrait UIInterfaceOrientationLandscapeLeft UIInterfaceOrientationLandscapeRight";
				IPHONEOS_DEPLOYMENT_TARGET = 15.0;
				LD_RUNPATH_SEARCH_PATHS = (
					"$(inherited)",
					"@executable_path/Frameworks",
				);
				MARKETING_VERSION = 1.0;
				PRODUCT_BUNDLE_IDENTIFIER = Mies.instagram;
				PRODUCT_NAME = "$(TARGET_NAME)";
				SWIFT_EMIT_LOC_STRINGS = YES;
				SWIFT_VERSION = 5.0;
				TARGETED_DEVICE_FAMILY = "1,2";
			};
			name = Release;
		};
/* End XCBuildConfiguration section */

/* Begin XCConfigurationList section */
		A111B5C32728CD6D00393708 /* Build configuration list for PBXProject "instagram" */ = {
			isa = XCConfigurationList;
			buildConfigurations = (
				A111B5DA2728CD6E00393708 /* Debug */,
				A111B5DB2728CD6E00393708 /* Release */,
			);
			defaultConfigurationIsVisible = 0;
			defaultConfigurationName = Release;
		};
		A111B5DC2728CD6E00393708 /* Build configuration list for PBXNativeTarget "instagram" */ = {
			isa = XCConfigurationList;
			buildConfigurations = (
				A111B5DD2728CD6E00393708 /* Debug */,
				A111B5DE2728CD6E00393708 /* Release */,
			);
			defaultConfigurationIsVisible = 0;
			defaultConfigurationName = Release;
		};
/* End XCConfigurationList section */
	};
	rootObject = A111B5C02728CD6D00393708 /* Project object */;
}
